
Microsoft Visual Studio Solution File, Format Version 12.00
# Visual Studio Version 17
VisualStudioVersion = 17.5.33516.290
MinimumVisualStudioVersion = 10.0.40219.1
Project("{FAE04EC0-301F-11D3-BF4B-00C04F79EFBC}") = "AnyParry", "AnyParry\AnyParry.csproj", "{CB6B9024-A4AB-4F88-89D0-A55EEE98955F}"
EndProject
Global
	GlobalSection(SolutionConfigurationPlatforms) = preSolution
		Debug|Any CPU = Debug|Any CPU
		Release|Any CPU = Release|Any CPU
	EndGlobalSection
	GlobalSection(ProjectConfigurationPlatforms) = postSolution
		{CB6B9024-A4AB-4F88-89D0-A55EEE98955F}.Debug|Any CPU.ActiveCfg = Debug|Any CPU
		{CB6B9024-A4AB-4F88-89D0-A55EEE98955F}.Debug|Any CPU.Build.0 = Debug|Any CPU
		{CB6B9024-A4AB-4F88-89D0-A55EEE98955F}.Release|Any CPU.ActiveCfg = Release|Any CPU
		{CB6B9024-A4AB-4F88-89D0-A55EEE98955F}.Release|Any CPU.Build.0 = Release|Any CPU
	EndGlobalSection
	GlobalSection(SolutionProperties) = preSolution
		HideSolutionNode = FALSE
	EndGlobalSection
	GlobalSection(ExtensibilityGlobals) = postSolution
		SolutionGuid = {F1137B52-BAC4-4298-A6CF-333914EDAAC9}
	EndGlobalSection
EndGlobal
